
Microsoft Visual Studio Solution File, Format Version 12.00
# Visual Studio Version 17
VisualStudioVersion = 17.0.31903.59
MinimumVisualStudioVersion = 10.0.40219.1
Project("{2150E333-8FDC-42A3-9474-1A3956D46DE8}") = "src", "src", "{0050E6B9-90A1-45ED-A399-25159FDC3278}"
EndProject
Project("{F2A71F9B-5D33-465A-A702-920D77279786}") = "slides", "src\slides\slides.fsproj", "{9C4F0E68-9FF2-4F94-8A68-8206BD4D05A7}"
EndProject
Global
	GlobalSection(SolutionConfigurationPlatforms) = preSolution
		Debug|Any CPU = Debug|Any CPU
		Release|Any CPU = Release|Any CPU
	EndGlobalSection
	GlobalSection(SolutionProperties) = preSolution
		HideSolutionNode = FALSE
	EndGlobalSection
	GlobalSection(ProjectConfigurationPlatforms) = postSolution
		{9C4F0E68-9FF2-4F94-8A68-8206BD4D05A7}.Debug|Any CPU.ActiveCfg = Debug|Any CPU
		{9C4F0E68-9FF2-4F94-8A68-8206BD4D05A7}.Debug|Any CPU.Build.0 = Debug|Any CPU
		{9C4F0E68-9FF2-4F94-8A68-8206BD4D05A7}.Release|Any CPU.ActiveCfg = Release|Any CPU
		{9C4F0E68-9FF2-4F94-8A68-8206BD4D05A7}.Release|Any CPU.Build.0 = Release|Any CPU
	EndGlobalSection
	GlobalSection(NestedProjects) = preSolution
		{9C4F0E68-9FF2-4F94-8A68-8206BD4D05A7} = {0050E6B9-90A1-45ED-A399-25159FDC3278}
	EndGlobalSection
EndGlobal
